{
  "object": {
    "pins": [
      {
        "package": "Astral",
        "repositoryURL": "git@github.com:xiangyu-sun/Astral.git",
        "state": {
          "branch": "main",
          "revision": "23f40ee44fe095e9d17238cc2196ca6e2558d90a",
          "version": null
        }
      },
      {
        "package": "Bagua",
        "repositoryURL": "git@github.com:xiangyu-sun/BaGua.git",
        "state": {
          "branch": "main",
          "revision": "584934478ff56ee74b48b8c8cd2111a249ab626e",
          "version": null
        }
      },
      {
        "package": "AirbnbSwift",
        "repositoryURL": "https://github.com/airbnb/swift",
        "state": {
          "branch": null,
          "revision": "07bb2e0822ca6e464bf3610ed452568931fdbf65",
          "version": "1.0.3"
        }
      },
      {
        "package": "swift-argument-parser",
        "repositoryURL": "https://github.com/apple/swift-argument-parser",
        "state": {
          "branch": null,
          "revision": "fddd1c00396eed152c45a46bea9f47b98e59301d",
          "version": "1.2.0"
        }
      },
      {
        "package": "swift-numerics",
        "repositoryURL": "https://github.com/apple/swift-numerics",
        "state": {
          "branch": null,
          "revision": "0a5bc04095a675662cf24757cc0640aa2204253b",
          "version": "1.0.2"
        }
      }
    ]
  },
  "version": 1
}
