{
  "originHash" : "d9994fb1e06f4716bbdcf3e59103ca428296b87480d0504483e0e8ec5eb0255e",
  "pins" : [
    {
      "identity" : "astral",
      "kind" : "remoteSourceControl",
      "location" : "https://github.com/xiangyu-sun/Astral.git",
      "state" : {
        "revision" : "e9d873f744021db6f69a06877562ee0ed1091360",
        "version" : "1.2.0"
      }
    },
    {
      "identity" : "swift-numerics",
      "kind" : "remoteSourceControl",
      "location" : "https://github.com/apple/swift-numerics",
      "state" : {
        "revision" : "0c0290ff6b24942dadb83a929ffaaa1481df04a2",
        "version" : "1.1.1"
      }
    }
  ],
  "version" : 3
}
